{
  "requires": true,
  "lockfileVersion": 1,
  "dependencies": {
    "diff": {
      "version": "5.1.0",
      "resolved": "https://registry.npmjs.org/diff/-/diff-5.1.0.tgz",
      "integrity": "sha512-D+mk+qE8VC/PAUrlAU34N+VfXev0ghe5ywmpqrawphmVZc1bEfn56uo9qpyGp1p4xpzOHkSW4ztBd6L7Xx4ACw=="
    },
    "marked": {
      "version": "2.1.3",
      "resolved": "https://registry.npmjs.org/marked/-/marked-2.1.3.tgz",
      "integrity": "sha512-/Q+7MGzaETqifOMWYEA7HVMaZb4XbcRfaOzcSsHZEith83KGlvaSG33u0SKu89Mj5h+T8V2hM+8O45Qc5XTgwA=="
    },
    "pngjs-nozlib": {
      "version": "1.0.0",
      "resolved": "https://registry.npmjs.org/pngjs-nozlib/-/pngjs-nozlib-1.0.0.tgz",
      "integrity": "sha512-N1PggqLp9xDqwAoKvGohmZ3m4/N9xpY0nDZivFqQLcpLHmliHnCp9BuNCsOeqHWMuEEgFjpEaq9dZq6RZyy0fA=="
    }
  }
}
