{
  "requires": true,
  "lockfileVersion": 1,
  "dependencies": {
    "pngjs-nozlib": {
      "version": "1.0.0",
      "resolved": "https://registry.npmjs.org/pngjs-nozlib/-/pngjs-nozlib-1.0.0.tgz",
      "integrity": "sha512-N1PggqLp9xDqwAoKvGohmZ3m4/N9xpY0nDZivFqQLcpLHmliHnCp9BuNCsOeqHWMuEEgFjpEaq9dZq6RZyy0fA=="
    }
  }
}
