{
  "requires": true,
  "lockfileVersion": 1,
  "dependencies": {
    "diff": {
      "version": "5.0.0",
      "resolved": "https://registry.npmjs.org/diff/-/diff-5.0.0.tgz",
      "integrity": "sha512-/VTCrvm5Z0JGty/BWHljh+BAiw3IK+2j87NGMu8Nwc/f48WoDAC395uomO9ZD117ZOBaHmkX1oyLvkVM/aIT3w=="
    },
    "marked": {
      "version": "2.0.0",
      "resolved": "https://registry.npmjs.org/marked/-/marked-2.0.0.tgz",
      "integrity": "sha512-NqRSh2+LlN2NInpqTQnS614Y/3NkVMFFU6sJlRFEpxJ/LHuK/qJECH7/fXZjk4VZstPW/Pevjil/VtSONsLc7Q=="
    },
    "parse5": {
      "version": "6.0.1",
      "resolved": "https://registry.npmjs.org/parse5/-/parse5-6.0.1.tgz",
      "integrity": "sha512-Ofn/CTFzRGTTxwpNEs9PP93gXShHcTq255nzRYSKe8AkVpZY7e1fpmTfOyoIvjP5HG7Z2ZM7VS9PPhQGW2pOpw=="
    }
  }
}
